
Microsoft Visual Studio Solution File, Format Version 12.00
# Visual Studio Version 17
VisualStudioVersion = 17.13.35931.197
MinimumVisualStudioVersion = 10.0.40219.1
Project("{FAE04EC0-301F-11D3-BF4B-00C04F79EFBC}") = "Match_Analysis", "Match_Analysis\Match_Analysis.csproj", "{29A1942A-1054-4989-BBA7-AAA01FA83C24}"
EndProject
Project("{FAE04EC0-301F-11D3-BF4B-00C04F79EFBC}") = "TestProject1", "TestProject1\TestProject1.csproj", "{8339267A-6FBF-46AB-AAF8-7C95DDD85521}"
EndProject
Global
	GlobalSection(SolutionConfigurationPlatforms) = preSolution
		Debug|Any CPU = Debug|Any CPU
		Release|Any CPU = Release|Any CPU
	EndGlobalSection
	GlobalSection(ProjectConfigurationPlatforms) = postSolution
		{29A1942A-1054-4989-BBA7-AAA01FA83C24}.Debug|Any CPU.ActiveCfg = Debug|Any CPU
		{29A1942A-1054-4989-BBA7-AAA01FA83C24}.Debug|Any CPU.Build.0 = Debug|Any CPU
		{29A1942A-1054-4989-BBA7-AAA01FA83C24}.Release|Any CPU.ActiveCfg = Release|Any CPU
		{29A1942A-1054-4989-BBA7-AAA01FA83C24}.Release|Any CPU.Build.0 = Release|Any CPU
		{8339267A-6FBF-46AB-AAF8-7C95DDD85521}.Debug|Any CPU.ActiveCfg = Debug|Any CPU
		{8339267A-6FBF-46AB-AAF8-7C95DDD85521}.Debug|Any CPU.Build.0 = Debug|Any CPU
		{8339267A-6FBF-46AB-AAF8-7C95DDD85521}.Release|Any CPU.ActiveCfg = Release|Any CPU
		{8339267A-6FBF-46AB-AAF8-7C95DDD85521}.Release|Any CPU.Build.0 = Release|Any CPU
	EndGlobalSection
	GlobalSection(SolutionProperties) = preSolution
		HideSolutionNode = FALSE
	EndGlobalSection
	GlobalSection(ExtensibilityGlobals) = postSolution
		SolutionGuid = {B42AB01C-E60E-400B-8024-0B134978B152}
	EndGlobalSection
EndGlobal
